
Microsoft Visual Studio Solution File, Format Version 12.00
# Visual Studio Version 17
VisualStudioVersion = 17.3.32922.545
MinimumVisualStudioVersion = 10.0.40219.1
Project("{FAE04EC0-301F-11D3-BF4B-00C04F79EFBC}") = "SchedulerPOC.api", "SchedulerPOC.api\SchedulerPOC.api.csproj", "{F099CA17-204F-4076-8728-E490A4BE03A3}"
EndProject
Global
	GlobalSection(SolutionConfigurationPlatforms) = preSolution
		Debug|Any CPU = Debug|Any CPU
		Release|Any CPU = Release|Any CPU
	EndGlobalSection
	GlobalSection(ProjectConfigurationPlatforms) = postSolution
		{F099CA17-204F-4076-8728-E490A4BE03A3}.Debug|Any CPU.ActiveCfg = Debug|Any CPU
		{F099CA17-204F-4076-8728-E490A4BE03A3}.Debug|Any CPU.Build.0 = Debug|Any CPU
		{F099CA17-204F-4076-8728-E490A4BE03A3}.Release|Any CPU.ActiveCfg = Release|Any CPU
		{F099CA17-204F-4076-8728-E490A4BE03A3}.Release|Any CPU.Build.0 = Release|Any CPU
	EndGlobalSection
	GlobalSection(SolutionProperties) = preSolution
		HideSolutionNode = FALSE
	EndGlobalSection
	GlobalSection(ExtensibilityGlobals) = postSolution
		SolutionGuid = {0DC73178-1265-43E1-BC7B-F941C588184C}
	EndGlobalSection
EndGlobal
